// !$*UTF8*$!
{
	archiveVersion = 1;
	classes = {
	};
	objectVersion = 77;
	objects = {

/* Begin PBXContainerItemProxy section */
		43688D752CE94B5D00030FA1 /* PBXContainerItemProxy */ = {
			isa = PBXContainerItemProxy;
			containerPortal = 43688D572CE94B5800030FA1 /* Project object */;
			proxyType = 1;
			remoteGlobalIDString = 43688D5E2CE94B5800030FA1;
			remoteInfo = Kobequest;
		};
		43688D7F2CE94B5D00030FA1 /* PBXContainerItemProxy */ = {
			isa = PBXContainerItemProxy;
			containerPortal = 43688D572CE94B5800030FA1 /* Project object */;
			proxyType = 1;
			remoteGlobalIDString = 43688D5E2CE94B5800030FA1;
			remoteInfo = Kobequest;
		};
/* End PBXContainerItemProxy section */

/* Begin PBXFileReference section */
		43688D5F2CE94B5800030FA1 /* Kobequest.app */ = {isa = PBXFileReference; explicitFileType = wrapper.application; includeInIndex = 0; path = Kobequest.app; sourceTree = BUILT_PRODUCTS_DIR; };
		43688D742CE94B5D00030FA1 /* KobequestTests.xctest */ = {isa = PBXFileReference; explicitFileType = wrapper.cfbundle; includeInIndex = 0; path = KobequestTests.xctest; sourceTree = BUILT_PRODUCTS_DIR; };
		43688D7E2CE94B5D00030FA1 /* KobequestUITests.xctest */ = {isa = PBXFileReference; explicitFileType = wrapper.cfbundle; includeInIndex = 0; path = KobequestUITests.xctest; sourceTree = BUILT_PRODUCTS_DIR; };
/* End PBXFileReference section */

/* Begin PBXFileSystemSynchronizedRootGroup section */
		43688D612CE94B5800030FA1 /* Kobequest */ = {
			isa = PBXFileSystemSynchronizedRootGroup;
			path = Kobequest;
			sourceTree = "<group>";
		};
		43688D772CE94B5D00030FA1 /* KobequestTests */ = {
			isa = PBXFileSystemSynchronizedRootGroup;
			path = KobequestTests;
			sourceTree = "<group>";
		};
		43688D812CE94B5D00030FA1 /* KobequestUITests */ = {
			isa = PBXFileSystemSynchronizedRootGroup;
			path = KobequestUITests;
			sourceTree = "<group>";
		};
/* End PBXFileSystemSynchronizedRootGroup section */

/* Begin PBXFrameworksBuildPhase section */
		43688D5C2CE94B5800030FA1 /* Frameworks */ = {
			isa = PBXFrameworksBuildPhase;
			buildActionMask = 2147483647;
			files = (
			);
			runOnlyForDeploymentPostprocessing = 0;
		};
		43688D712CE94B5D00030FA1 /* Frameworks */ = {
			isa = PBXFrameworksBuildPhase;
			buildActionMask = 2147483647;
			files = (
			);
			runOnlyForDeploymentPostprocessing = 0;
		};
		43688D7B2CE94B5D00030FA1 /* Frameworks */ = {
			isa = PBXFrameworksBuildPhase;
			buildActionMask = 2147483647;
			files = (
			);
			runOnlyForDeploymentPostprocessing = 0;
		};
/* End PBXFrameworksBuildPhase section */

/* Begin PBXGroup section */
		43688D562CE94B5800030FA1 = {
			isa = PBXGroup;
			children = (
				43688D612CE94B5800030FA1 /* Kobequest */,
				43688D772CE94B5D00030FA1 /* KobequestTests */,
				43688D812CE94B5D00030FA1 /* KobequestUITests */,
				43688D602CE94B5800030FA1 /* Products */,
			);
			sourceTree = "<group>";
		};
		43688D602CE94B5800030FA1 /* Products */ = {
			isa = PBXGroup;
			children = (
				43688D5F2CE94B5800030FA1 /* Kobequest.app */,
				43688D742CE94B5D00030FA1 /* KobequestTests.xctest */,
				43688D7E2CE94B5D00030FA1 /* KobequestUITests.xctest */,
			);
			name = Products;
			sourceTree = "<group>";
		};
/* End PBXGroup section */

/* Begin PBXNativeTarget section */
		43688D5E2CE94B5800030FA1 /* Kobequest */ = {
			isa = PBXNativeTarget;
			buildConfigurationList = 43688D882CE94B5D00030FA1 /* Build configuration list for PBXNativeTarget "Kobequest" */;
			buildPhases = (
				43688D5B2CE94B5800030FA1 /* Sources */,
				43688D5C2CE94B5800030FA1 /* Frameworks */,
				43688D5D2CE94B5800030FA1 /* Resources */,
			);
			buildRules = (
			);
			dependencies = (
			);
			fileSystemSynchronizedGroups = (
				43688D612CE94B5800030FA1 /* Kobequest */,
			);
			name = Kobequest;
			packageProductDependencies = (
			);
			productName = Kobequest;
			productReference = 43688D5F2CE94B5800030FA1 /* Kobequest.app */;
			productType = "com.apple.product-type.application";
		};
		43688D732CE94B5D00030FA1 /* KobequestTests */ = {
			isa = PBXNativeTarget;
			buildConfigurationList = 43688D8B2CE94B5D00030FA1 /* Build configuration list for PBXNativeTarget "KobequestTests" */;
			buildPhases = (
				43688D702CE94B5D00030FA1 /* Sources */,
				43688D712CE94B5D00030FA1 /* Frameworks */,
				43688D722CE94B5D00030FA1 /* Resources */,
			);
			buildRules = (
			);
			dependencies = (
				43688D762CE94B5D00030FA1 /* PBXTargetDependency */,
			);
			fileSystemSynchronizedGroups = (
				43688D772CE94B5D00030FA1 /* KobequestTests */,
			);
			name = KobequestTests;
			packageProductDependencies = (
			);
			productName = KobequestTests;
			productReference = 43688D742CE94B5D00030FA1 /* KobequestTests.xctest */;
			productType = "com.apple.product-type.bundle.unit-test";
		};
		43688D7D2CE94B5D00030FA1 /* KobequestUITests */ = {
			isa = PBXNativeTarget;
			buildConfigurationList = 43688D8E2CE94B5D00030FA1 /* Build configuration list for PBXNativeTarget "KobequestUITests" */;
			buildPhases = (
				43688D7A2CE94B5D00030FA1 /* Sources */,
				43688D7B2CE94B5D00030FA1 /* Frameworks */,
				43688D7C2CE94B5D00030FA1 /* Resources */,
			);
			buildRules = (
			);
			dependencies = (
				43688D802CE94B5D00030FA1 /* PBXTargetDependency */,
			);
			fileSystemSynchronizedGroups = (
				43688D812CE94B5D00030FA1 /* KobequestUITests */,
			);
			name = KobequestUITests;
			packageProductDependencies = (
			);
			productName = KobequestUITests;
			productReference = 43688D7E2CE94B5D00030FA1 /* KobequestUITests.xctest */;
			productType = "com.apple.product-type.bundle.ui-testing";
		};
/* End PBXNativeTarget section */

/* Begin PBXProject section */
		43688D572CE94B5800030FA1 /* Project object */ = {
			isa = PBXProject;
			attributes = {
				BuildIndependentTargetsInParallel = 1;
				LastSwiftUpdateCheck = 1610;
				LastUpgradeCheck = 1610;
				TargetAttributes = {
					43688D5E2CE94B5800030FA1 = {
						CreatedOnToolsVersion = 16.1;
					};
					43688D732CE94B5D00030FA1 = {
						CreatedOnToolsVersion = 16.1;
						TestTargetID = 43688D5E2CE94B5800030FA1;
					};
					43688D7D2CE94B5D00030FA1 = {
						CreatedOnToolsVersion = 16.1;
						TestTargetID = 43688D5E2CE94B5800030FA1;
					};
				};
			};
			buildConfigurationList = 43688D5A2CE94B5800030FA1 /* Build configuration list for PBXProject "Kobequest" */;
			developmentRegion = en;
			hasScannedForEncodings = 0;
			knownRegions = (
				en,
				Base,
			);
			mainGroup = 43688D562CE94B5800030FA1;
			minimizedProjectReferenceProxies = 1;
			preferredProjectObjectVersion = 77;
			productRefGroup = 43688D602CE94B5800030FA1 /* Products */;
			projectDirPath = "";
			projectRoot = "";
			targets = (
				43688D5E2CE94B5800030FA1 /* Kobequest */,
				43688D732CE94B5D00030FA1 /* KobequestTests */,
				43688D7D2CE94B5D00030FA1 /* KobequestUITests */,
			);
		};
/* End PBXProject section */

/* Begin PBXResourcesBuildPhase section */
		43688D5D2CE94B5800030FA1 /* Resources */ = {
			isa = PBXResourcesBuildPhase;
			buildActionMask = 2147483647;
			files = (
			);
			runOnlyForDeploymentPostprocessing = 0;
		};
		43688D722CE94B5D00030FA1 /* Resources */ = {
			isa = PBXResourcesBuildPhase;
			buildActionMask = 2147483647;
			files = (
			);
			runOnlyForDeploymentPostprocessing = 0;
		};
		43688D7C2CE94B5D00030FA1 /* Resources */ = {
			isa = PBXResourcesBuildPhase;
			buildActionMask = 2147483647;
			files = (
			);
			runOnlyForDeploymentPostprocessing = 0;
		};
/* End PBXResourcesBuildPhase section */

/* Begin PBXSourcesBuildPhase section */
		43688D5B2CE94B5800030FA1 /* Sources */ = {
			isa = PBXSourcesBuildPhase;
			buildActionMask = 2147483647;
			files = (
			);
			runOnlyForDeploymentPostprocessing = 0;
		};
		43688D702CE94B5D00030FA1 /* Sources */ = {
			isa = PBXSourcesBuildPhase;
			buildActionMask = 2147483647;
			files = (
			);
			runOnlyForDeploymentPostprocessing = 0;
		};
		43688D7A2CE94B5D00030FA1 /* Sources */ = {
			isa = PBXSourcesBuildPhase;
			buildActionMask = 2147483647;
			files = (
			);
			runOnlyForDeploymentPostprocessing = 0;
		};
/* End PBXSourcesBuildPhase section */

/* Begin PBXTargetDependency section */
		43688D762CE94B5D00030FA1 /* PBXTargetDependency */ = {
			isa = PBXTargetDependency;
			target = 43688D5E2CE94B5800030FA1 /* Kobequest */;
			targetProxy = 43688D752CE94B5D00030FA1 /* PBXContainerItemProxy */;
		};
		43688D802CE94B5D00030FA1 /* PBXTargetDependency */ = {
			isa = PBXTargetDependency;
			target = 43688D5E2CE94B5800030FA1 /* Kobequest */;
			targetProxy = 43688D7F2CE94B5D00030FA1 /* PBXContainerItemProxy */;
		};
/* End PBXTargetDependency section */

/* Begin XCBuildConfiguration section */
		43688D862CE94B5D00030FA1 /* Debug */ = {
			isa = XCBuildConfiguration;
			buildSettings = {
				ALWAYS_SEARCH_USER_PATHS = NO;
				ASSETCATALOG_COMPILER_GENERATE_SWIFT_ASSET_SYMBOL_EXTENSIONS = YES;
				CLANG_ANALYZER_NONNULL = YES;
				CLANG_ANALYZER_NUMBER_OBJECT_CONVERSION = YES_AGGRESSIVE;
				CLANG_CXX_LANGUAGE_STANDARD = "gnu++20";
				CLANG_ENABLE_MODULES = YES;
				CLANG_ENABLE_OBJC_ARC = YES;
				CLANG_ENABLE_OBJC_WEAK = YES;
				CLANG_WARN_BLOCK_CAPTURE_AUTORELEASING = YES;
				CLANG_WARN_BOOL_CONVERSION = YES;
				CLANG_WARN_COMMA = YES;
				CLANG_WARN_CONSTANT_CONVERSION = YES;
				CLANG_WARN_DEPRECATED_OBJC_IMPLEMENTATIONS = YES;
				CLANG_WARN_DIRECT_OBJC_ISA_USAGE = YES_ERROR;
				CLANG_WARN_DOCUMENTATION_COMMENTS = YES;
				CLANG_WARN_EMPTY_BODY = YES;
				CLANG_WARN_ENUM_CONVERSION = YES;
				CLANG_WARN_INFINITE_RECURSION = YES;
				CLANG_WARN_INT_CONVERSION = YES;
				CLANG_WARN_NON_LITERAL_NULL_CONVERSION = YES;
				CLANG_WARN_OBJC_IMPLICIT_RETAIN_SELF = YES;
				CLANG_WARN_OBJC_LITERAL_CONVERSION = YES;
				CLANG_WARN_OBJC_ROOT_CLASS = YES_ERROR;
				CLANG_WARN_QUOTED_INCLUDE_IN_FRAMEWORK_HEADER = YES;
				CLANG_WARN_RANGE_LOOP_ANALYSIS = YES;
				CLANG_WARN_STRICT_PROTOTYPES = YES;
				CLANG_WARN_SUSPICIOUS_MOVE = YES;
				CLANG_WARN_UNGUARDED_AVAILABILITY = YES_AGGRESSIVE;
				CLANG_WARN_UNREACHABLE_CODE = YES;
				CLANG_WARN__DUPLICATE_METHOD_MATCH = YES;
				COPY_PHASE_STRIP = NO;
				DEBUG_INFORMATION_FORMAT = dwarf;
				ENABLE_STRICT_OBJC_MSGSEND = YES;
				ENABLE_TESTABILITY = YES;
				ENABLE_USER_SCRIPT_SANDBOXING = YES;
				GCC_C_LANGUAGE_STANDARD = gnu17;
				GCC_DYNAMIC_NO_PIC = NO;
				GCC_NO_COMMON_BLOCKS = YES;
				GCC_OPTIMIZATION_LEVEL = 0;
				GCC_PREPROCESSOR_DEFINITIONS = (
					"DEBUG=1",
					"$(inherited)",
				);
				GCC_WARN_64_TO_32_BIT_CONVERSION = YES;
				GCC_WARN_ABOUT_RETURN_TYPE = YES_ERROR;
				GCC_WARN_UNDECLARED_SELECTOR = YES;
				GCC_WARN_UNINITIALIZED_AUTOS = YES_AGGRESSIVE;
				GCC_WARN_UNUSED_FUNCTION = YES;
				GCC_WARN_UNUSED_VARIABLE = YES;
				IPHONEOS_DEPLOYMENT_TARGET = 18.1;
				LOCALIZATION_PREFERS_STRING_CATALOGS = YES;
				MTL_ENABLE_DEBUG_INFO = INCLUDE_SOURCE;
				MTL_FAST_MATH = YES;
				ONLY_ACTIVE_ARCH = YES;
				SDKROOT = iphoneos;
				SWIFT_ACTIVE_COMPILATION_CONDITIONS = "DEBUG $(inherited)";
				SWIFT_OPTIMIZATION_LEVEL = "-Onone";
			};
			name = Debug;
		};
		43688D872CE94B5D00030FA1 /* Release */ = {
			isa = XCBuildConfiguration;
			buildSettings = {
				ALWAYS_SEARCH_USER_PATHS = NO;
				ASSETCATALOG_COMPILER_GENERATE_SWIFT_ASSET_SYMBOL_EXTENSIONS = YES;
				CLANG_ANALYZER_NONNULL = YES;
				CLANG_ANALYZER_NUMBER_OBJECT_CONVERSION = YES_AGGRESSIVE;
				CLANG_CXX_LANGUAGE_STANDARD = "gnu++20";
				CLANG_ENABLE_MODULES = YES;
				CLANG_ENABLE_OBJC_ARC = YES;
				CLANG_ENABLE_OBJC_WEAK = YES;
				CLANG_WARN_BLOCK_CAPTURE_AUTORELEASING = YES;
				CLANG_WARN_BOOL_CONVERSION = YES;
				CLANG_WARN_COMMA = YES;
				CLANG_WARN_CONSTANT_CONVERSION = YES;
				CLANG_WARN_DEPRECATED_OBJC_IMPLEMENTATIONS = YES;
				CLANG_WARN_DIRECT_OBJC_ISA_USAGE = YES_ERROR;
				CLANG_WARN_DOCUMENTATION_COMMENTS = YES;
				CLANG_WARN_EMPTY_BODY = YES;
				CLANG_WARN_ENUM_CONVERSION = YES;
				CLANG_WARN_INFINITE_RECURSION = YES;
				CLANG_WARN_INT_CONVERSION = YES;
				CLANG_WARN_NON_LITERAL_NULL_CONVERSION = YES;
				CLANG_WARN_OBJC_IMPLICIT_RETAIN_SELF = YES;
				CLANG_WARN_OBJC_LITERAL_CONVERSION = YES;
				CLANG_WARN_OBJC_ROOT_CLASS = YES_ERROR;
				CLANG_WARN_QUOTED_INCLUDE_IN_FRAMEWORK_HEADER = YES;
				CLANG_WARN_RANGE_LOOP_ANALYSIS = YES;
				CLANG_WARN_STRICT_PROTOTYPES = YES;
				CLANG_WARN_SUSPICIOUS_MOVE = YES;
				CLANG_WARN_UNGUARDED_AVAILABILITY = YES_AGGRESSIVE;
				CLANG_WARN_UNREACHABLE_CODE = YES;
				CLANG_WARN__DUPLICATE_METHOD_MATCH = YES;
				COPY_PHASE_STRIP = NO;
				DEBUG_INFORMATION_FORMAT = "dwarf-with-dsym";
				ENABLE_NS_ASSERTIONS = NO;
				ENABLE_STRICT_OBJC_MSGSEND = YES;
				ENABLE_USER_SCRIPT_SANDBOXING = YES;
				GCC_C_LANGUAGE_STANDARD = gnu17;
				GCC_NO_COMMON_BLOCKS = YES;
				GCC_WARN_64_TO_32_BIT_CONVERSION = YES;
				GCC_WARN_ABOUT_RETURN_TYPE = YES_ERROR;
				GCC_WARN_UNDECLARED_SELECTOR = YES;
				GCC_WARN_UNINITIALIZED_AUTOS = YES_AGGRESSIVE;
				GCC_WARN_UNUSED_FUNCTION = YES;
				GCC_WARN_UNUSED_VARIABLE = YES;
				IPHONEOS_DEPLOYMENT_TARGET = 18.1;
				LOCALIZATION_PREFERS_STRING_CATALOGS = YES;
				MTL_ENABLE_DEBUG_INFO = NO;
				MTL_FAST_MATH = YES;
				SDKROOT = iphoneos;
				SWIFT_COMPILATION_MODE = wholemodule;
				VALIDATE_PRODUCT = YES;
			};
			name = Release;
		};
		43688D892CE94B5D00030FA1 /* Debug */ = {
			isa = XCBuildConfiguration;
			buildSettings = {
				ASSETCATALOG_COMPILER_APPICON_NAME = AppIcon;
				ASSETCATALOG_COMPILER_GLOBAL_ACCENT_COLOR_NAME = AccentColor;
				CODE_SIGN_STYLE = Automatic;
				CURRENT_PROJECT_VERSION = 1;
				GENERATE_INFOPLIST_FILE = YES;
				INFOPLIST_KEY_UIApplicationSupportsIndirectInputEvents = YES;
				INFOPLIST_KEY_UILaunchStoryboardName = LaunchScreen;
				INFOPLIST_KEY_UIMainStoryboardFile = Main;
				INFOPLIST_KEY_UIStatusBarHidden = YES;
				INFOPLIST_KEY_UISupportedInterfaceOrientations = UIInterfaceOrientationPortrait;
				LD_RUNPATH_SEARCH_PATHS = (
					"$(inherited)",
					"@executable_path/Frameworks",
				);
				MARKETING_VERSION = 1.0;
				PRODUCT_BUNDLE_IDENTIFIER = com.example.Kobequest;
				PRODUCT_NAME = "$(TARGET_NAME)";
				SWIFT_EMIT_LOC_STRINGS = YES;
				SWIFT_VERSION = 5.0;
				TARGETED_DEVICE_FAMILY = "1,2";
			};
			name = Debug;
		};
		43688D8A2CE94B5D00030FA1 /* Release */ = {
			isa = XCBuildConfiguration;
			buildSettings = {
				ASSETCATALOG_COMPILER_APPICON_NAME = AppIcon;
				ASSETCATALOG_COMPILER_GLOBAL_ACCENT_COLOR_NAME = AccentColor;
				CODE_SIGN_STYLE = Automatic;
				CURRENT_PROJECT_VERSION = 1;
				GENERATE_INFOPLIST_FILE = YES;
				INFOPLIST_KEY_UIApplicationSupportsIndirectInputEvents = YES;
				INFOPLIST_KEY_UILaunchStoryboardName = LaunchScreen;
				INFOPLIST_KEY_UIMainStoryboardFile = Main;
				INFOPLIST_KEY_UIStatusBarHidden = YES;
				INFOPLIST_KEY_UISupportedInterfaceOrientations = UIInterfaceOrientationPortrait;
				LD_RUNPATH_SEARCH_PATHS = (
					"$(inherited)",
					"@executable_path/Frameworks",
				);
				MARKETING_VERSION = 1.0;
				PRODUCT_BUNDLE_IDENTIFIER = com.example.Kobequest;
				PRODUCT_NAME = "$(TARGET_NAME)";
				SWIFT_EMIT_LOC_STRINGS = YES;
				SWIFT_VERSION = 5.0;
				TARGETED_DEVICE_FAMILY = "1,2";
			};
			name = Release;
		};
		43688D8C2CE94B5D00030FA1 /* Debug */ = {
			isa = XCBuildConfiguration;
			buildSettings = {
				BUNDLE_LOADER = "$(TEST_HOST)";
				CODE_SIGN_STYLE = Automatic;
				CURRENT_PROJECT_VERSION = 1;
				GENERATE_INFOPLIST_FILE = YES;
				IPHONEOS_DEPLOYMENT_TARGET = 18.1;
				MARKETING_VERSION = 1.0;
				PRODUCT_BUNDLE_IDENTIFIER = com.example.KobequestTests;
				PRODUCT_NAME = "$(TARGET_NAME)";
				SWIFT_EMIT_LOC_STRINGS = NO;
				SWIFT_VERSION = 5.0;
				TARGETED_DEVICE_FAMILY = "1,2";
				TEST_HOST = "$(BUILT_PRODUCTS_DIR)/Kobequest.app/$(BUNDLE_EXECUTABLE_FOLDER_PATH)/Kobequest";
			};
			name = Debug;
		};
		43688D8D2CE94B5D00030FA1 /* Release */ = {
			isa = XCBuildConfiguration;
			buildSettings = {
				BUNDLE_LOADER = "$(TEST_HOST)";
				CODE_SIGN_STYLE = Automatic;
				CURRENT_PROJECT_VERSION = 1;
				GENERATE_INFOPLIST_FILE = YES;
				IPHONEOS_DEPLOYMENT_TARGET = 18.1;
				MARKETING_VERSION = 1.0;
				PRODUCT_BUNDLE_IDENTIFIER = com.example.KobequestTests;
				PRODUCT_NAME = "$(TARGET_NAME)";
				SWIFT_EMIT_LOC_STRINGS = NO;
				SWIFT_VERSION = 5.0;
				TARGETED_DEVICE_FAMILY = "1,2";
				TEST_HOST = "$(BUILT_PRODUCTS_DIR)/Kobequest.app/$(BUNDLE_EXECUTABLE_FOLDER_PATH)/Kobequest";
			};
			name = Release;
		};
		43688D8F2CE94B5D00030FA1 /* Debug */ = {
			isa = XCBuildConfiguration;
			buildSettings = {
				CODE_SIGN_STYLE = Automatic;
				CURRENT_PROJECT_VERSION = 1;
				GENERATE_INFOPLIST_FILE = YES;
				MARKETING_VERSION = 1.0;
				PRODUCT_BUNDLE_IDENTIFIER = com.example.KobequestUITests;
				PRODUCT_NAME = "$(TARGET_NAME)";
				SWIFT_EMIT_LOC_STRINGS = NO;
				SWIFT_VERSION = 5.0;
				TARGETED_DEVICE_FAMILY = "1,2";
				TEST_TARGET_NAME = Kobequest;
			};
			name = Debug;
		};
		43688D902CE94B5D00030FA1 /* Release */ = {
			isa = XCBuildConfiguration;
			buildSettings = {
				CODE_SIGN_STYLE = Automatic;
				CURRENT_PROJECT_VERSION = 1;
				GENERATE_INFOPLIST_FILE = YES;
				MARKETING_VERSION = 1.0;
				PRODUCT_BUNDLE_IDENTIFIER = com.example.KobequestUITests;
				PRODUCT_NAME = "$(TARGET_NAME)";
				SWIFT_EMIT_LOC_STRINGS = NO;
				SWIFT_VERSION = 5.0;
				TARGETED_DEVICE_FAMILY = "1,2";
				TEST_TARGET_NAME = Kobequest;
			};
			name = Release;
		};
/* End XCBuildConfiguration section */

/* Begin XCConfigurationList section */
		43688D5A2CE94B5800030FA1 /* Build configuration list for PBXProject "Kobequest" */ = {
			isa = XCConfigurationList;
			buildConfigurations = (
				43688D862CE94B5D00030FA1 /* Debug */,
				43688D872CE94B5D00030FA1 /* Release */,
			);
			defaultConfigurationIsVisible = 0;
			defaultConfigurationName = Release;
		};
		43688D882CE94B5D00030FA1 /* Build configuration list for PBXNativeTarget "Kobequest" */ = {
			isa = XCConfigurationList;
			buildConfigurations = (
				43688D892CE94B5D00030FA1 /* Debug */,
				43688D8A2CE94B5D00030FA1 /* Release */,
			);
			defaultConfigurationIsVisible = 0;
			defaultConfigurationName = Release;
		};
		43688D8B2CE94B5D00030FA1 /* Build configuration list for PBXNativeTarget "KobequestTests" */ = {
			isa = XCConfigurationList;
			buildConfigurations = (
				43688D8C2CE94B5D00030FA1 /* Debug */,
				43688D8D2CE94B5D00030FA1 /* Release */,
			);
			defaultConfigurationIsVisible = 0;
			defaultConfigurationName = Release;
		};
		43688D8E2CE94B5D00030FA1 /* Build configuration list for PBXNativeTarget "KobequestUITests" */ = {
			isa = XCConfigurationList;
			buildConfigurations = (
				43688D8F2CE94B5D00030FA1 /* Debug */,
				43688D902CE94B5D00030FA1 /* Release */,
			);
			defaultConfigurationIsVisible = 0;
			defaultConfigurationName = Release;
		};
/* End XCConfigurationList section */
	};
	rootObject = 43688D572CE94B5800030FA1 /* Project object */;
}
